
Microsoft Visual Studio Solution File, Format Version 12.00
# Visual Studio Version 16
VisualStudioVersion = 16.0.31702.278
MinimumVisualStudioVersion = 10.0.40219.1
Project("{FAE04EC0-301F-11D3-BF4B-00C04F79EFBC}") = "BankLibrary", "BankLibrary\BankLibrary.csproj", "{4506E40F-9660-4501-8D7B-7C50579D602E}"
EndProject
Project("{FAE04EC0-301F-11D3-BF4B-00C04F79EFBC}") = "SBIAPP", "SBIAPP\SBIAPP.csproj", "{047546D0-136F-4F71-8790-181A0B016A19}"
EndProject
Global
	GlobalSection(SolutionConfigurationPlatforms) = preSolution
		Debug|Any CPU = Debug|Any CPU
		Release|Any CPU = Release|Any CPU
	EndGlobalSection
	GlobalSection(ProjectConfigurationPlatforms) = postSolution
		{4506E40F-9660-4501-8D7B-7C50579D602E}.Debug|Any CPU.ActiveCfg = Debug|Any CPU
		{4506E40F-9660-4501-8D7B-7C50579D602E}.Debug|Any CPU.Build.0 = Debug|Any CPU
		{4506E40F-9660-4501-8D7B-7C50579D602E}.Release|Any CPU.ActiveCfg = Release|Any CPU
		{4506E40F-9660-4501-8D7B-7C50579D602E}.Release|Any CPU.Build.0 = Release|Any CPU
		{047546D0-136F-4F71-8790-181A0B016A19}.Debug|Any CPU.ActiveCfg = Debug|Any CPU
		{047546D0-136F-4F71-8790-181A0B016A19}.Debug|Any CPU.Build.0 = Debug|Any CPU
		{047546D0-136F-4F71-8790-181A0B016A19}.Release|Any CPU.ActiveCfg = Release|Any CPU
		{047546D0-136F-4F71-8790-181A0B016A19}.Release|Any CPU.Build.0 = Release|Any CPU
	EndGlobalSection
	GlobalSection(SolutionProperties) = preSolution
		HideSolutionNode = FALSE
	EndGlobalSection
	GlobalSection(ExtensibilityGlobals) = postSolution
		SolutionGuid = {553BF8E3-35CD-458B-9212-FC4CFCA48AF0}
	EndGlobalSection
EndGlobal
