
Microsoft Visual Studio Solution File, Format Version 12.00
# Visual Studio Version 16
VisualStudioVersion = 16.0.31702.278
MinimumVisualStudioVersion = 10.0.40219.1
Project("{FAE04EC0-301F-11D3-BF4B-00C04F79EFBC}") = "MVCApp_Client_ProductAPI", "MVCApp_Client_ProductAPI\MVCApp_Client_ProductAPI.csproj", "{B3A4D360-7978-4831-9AF7-BA11B1FAD389}"
EndProject
Global
	GlobalSection(SolutionConfigurationPlatforms) = preSolution
		Debug|Any CPU = Debug|Any CPU
		Release|Any CPU = Release|Any CPU
	EndGlobalSection
	GlobalSection(ProjectConfigurationPlatforms) = postSolution
		{B3A4D360-7978-4831-9AF7-BA11B1FAD389}.Debug|Any CPU.ActiveCfg = Debug|Any CPU
		{B3A4D360-7978-4831-9AF7-BA11B1FAD389}.Debug|Any CPU.Build.0 = Debug|Any CPU
		{B3A4D360-7978-4831-9AF7-BA11B1FAD389}.Release|Any CPU.ActiveCfg = Release|Any CPU
		{B3A4D360-7978-4831-9AF7-BA11B1FAD389}.Release|Any CPU.Build.0 = Release|Any CPU
	EndGlobalSection
	GlobalSection(SolutionProperties) = preSolution
		HideSolutionNode = FALSE
	EndGlobalSection
	GlobalSection(ExtensibilityGlobals) = postSolution
		SolutionGuid = {D4926640-AF99-45FA-9802-2E25B8DFAAC3}
	EndGlobalSection
EndGlobal
