
Microsoft Visual Studio Solution File, Format Version 12.00
# Visual Studio Version 16
VisualStudioVersion = 16.0.31702.278
MinimumVisualStudioVersion = 10.0.40219.1
Project("{FAE04EC0-301F-11D3-BF4B-00C04F79EFBC}") = "WbbAPI_Product", "WbbAPI_Product\WbbAPI_Product.csproj", "{1CC7B19C-00F9-4968-BAD5-E2D58FCD1300}"
EndProject
Global
	GlobalSection(SolutionConfigurationPlatforms) = preSolution
		Debug|Any CPU = Debug|Any CPU
		Release|Any CPU = Release|Any CPU
	EndGlobalSection
	GlobalSection(ProjectConfigurationPlatforms) = postSolution
		{1CC7B19C-00F9-4968-BAD5-E2D58FCD1300}.Debug|Any CPU.ActiveCfg = Debug|Any CPU
		{1CC7B19C-00F9-4968-BAD5-E2D58FCD1300}.Debug|Any CPU.Build.0 = Debug|Any CPU
		{1CC7B19C-00F9-4968-BAD5-E2D58FCD1300}.Release|Any CPU.ActiveCfg = Release|Any CPU
		{1CC7B19C-00F9-4968-BAD5-E2D58FCD1300}.Release|Any CPU.Build.0 = Release|Any CPU
	EndGlobalSection
	GlobalSection(SolutionProperties) = preSolution
		HideSolutionNode = FALSE
	EndGlobalSection
	GlobalSection(ExtensibilityGlobals) = postSolution
		SolutionGuid = {C080AF34-B1A7-487A-B382-E456DD971781}
	EndGlobalSection
EndGlobal
